// !$*UTF8*$!
{
	archiveVersion = 1;
	classes = {
	};
	objectVersion = 51;
	objects = {

/* Begin PBXBuildFile section */
		29C80AC92CFEED91F0EB4CB1 /* Pods_CameraFilter.framework in Frameworks */ = {isa = PBXBuildFile; fileRef = 71844BAEF13972C286EDD901 /* Pods_CameraFilter.framework */; };
		68DB54A324C452C600ACAE83 /* AppDelegate.swift in Sources */ = {isa = PBXBuildFile; fileRef = 68DB54A224C452C600ACAE83 /* AppDelegate.swift */; };
		68DB54A524C452C600ACAE83 /* SceneDelegate.swift in Sources */ = {isa = PBXBuildFile; fileRef = 68DB54A424C452C600ACAE83 /* SceneDelegate.swift */; };
		68DB54A724C452C600ACAE83 /* ViewController.swift in Sources */ = {isa = PBXBuildFile; fileRef = 68DB54A624C452C600ACAE83 /* ViewController.swift */; };
		68DB54AA24C452C600ACAE83 /* Main.storyboard in Resources */ = {isa = PBXBuildFile; fileRef = 68DB54A824C452C600ACAE83 /* Main.storyboard */; };
		68DB54AC24C452CA00ACAE83 /* Assets.xcassets in Resources */ = {isa = PBXBuildFile; fileRef = 68DB54AB24C452CA00ACAE83 /* Assets.xcassets */; };
		68DB54AF24C452CA00ACAE83 /* LaunchScreen.storyboard in Resources */ = {isa = PBXBuildFile; fileRef = 68DB54AD24C452CA00ACAE83 /* LaunchScreen.storyboard */; };
		68DB54B724C454F600ACAE83 /* PhotosCollectionViewVontroller.swift in Sources */ = {isa = PBXBuildFile; fileRef = 68DB54B624C454F600ACAE83 /* PhotosCollectionViewVontroller.swift */; };
		68DB54B924C48BE600ACAE83 /* PhotoCollectionViewCell.swift in Sources */ = {isa = PBXBuildFile; fileRef = 68DB54B824C48BE600ACAE83 /* PhotoCollectionViewCell.swift */; };
		68DB54BB24C4AB9600ACAE83 /* FilterService.swift in Sources */ = {isa = PBXBuildFile; fileRef = 68DB54BA24C4AB9600ACAE83 /* FilterService.swift */; };
/* End PBXBuildFile section */

/* Begin PBXFileReference section */
		1555EEEF095CA46E6935AFE2 /* Pods-CameraFilter.release.xcconfig */ = {isa = PBXFileReference; includeInIndex = 1; lastKnownFileType = text.xcconfig; name = "Pods-CameraFilter.release.xcconfig"; path = "Target Support Files/Pods-CameraFilter/Pods-CameraFilter.release.xcconfig"; sourceTree = "<group>"; };
		60DECB3100802BC8A38EF2CB /* Pods-CameraFilter.debug.xcconfig */ = {isa = PBXFileReference; includeInIndex = 1; lastKnownFileType = text.xcconfig; name = "Pods-CameraFilter.debug.xcconfig"; path = "Target Support Files/Pods-CameraFilter/Pods-CameraFilter.debug.xcconfig"; sourceTree = "<group>"; };
		68DB549F24C452C600ACAE83 /* CameraFilter.app */ = {isa = PBXFileReference; explicitFileType = wrapper.application; includeInIndex = 0; path = CameraFilter.app; sourceTree = BUILT_PRODUCTS_DIR; };
		68DB54A224C452C600ACAE83 /* AppDelegate.swift */ = {isa = PBXFileReference; lastKnownFileType = sourcecode.swift; path = AppDelegate.swift; sourceTree = "<group>"; };
		68DB54A424C452C600ACAE83 /* SceneDelegate.swift */ = {isa = PBXFileReference; lastKnownFileType = sourcecode.swift; path = SceneDelegate.swift; sourceTree = "<group>"; };
		68DB54A624C452C600ACAE83 /* ViewController.swift */ = {isa = PBXFileReference; lastKnownFileType = sourcecode.swift; path = ViewController.swift; sourceTree = "<group>"; };
		68DB54A924C452C600ACAE83 /* Base */ = {isa = PBXFileReference; lastKnownFileType = file.storyboard; name = Base; path = Base.lproj/Main.storyboard; sourceTree = "<group>"; };
		68DB54AB24C452CA00ACAE83 /* Assets.xcassets */ = {isa = PBXFileReference; lastKnownFileType = folder.assetcatalog; path = Assets.xcassets; sourceTree = "<group>"; };
		68DB54AE24C452CA00ACAE83 /* Base */ = {isa = PBXFileReference; lastKnownFileType = file.storyboard; name = Base; path = Base.lproj/LaunchScreen.storyboard; sourceTree = "<group>"; };
		68DB54B024C452CA00ACAE83 /* Info.plist */ = {isa = PBXFileReference; lastKnownFileType = text.plist.xml; path = Info.plist; sourceTree = "<group>"; };
		68DB54B624C454F600ACAE83 /* PhotosCollectionViewVontroller.swift */ = {isa = PBXFileReference; lastKnownFileType = sourcecode.swift; path = PhotosCollectionViewVontroller.swift; sourceTree = "<group>"; };
		68DB54B824C48BE600ACAE83 /* PhotoCollectionViewCell.swift */ = {isa = PBXFileReference; lastKnownFileType = sourcecode.swift; path = PhotoCollectionViewCell.swift; sourceTree = "<group>"; };
		68DB54BA24C4AB9600ACAE83 /* FilterService.swift */ = {isa = PBXFileReference; lastKnownFileType = sourcecode.swift; path = FilterService.swift; sourceTree = "<group>"; };
		71844BAEF13972C286EDD901 /* Pods_CameraFilter.framework */ = {isa = PBXFileReference; explicitFileType = wrapper.framework; includeInIndex = 0; path = Pods_CameraFilter.framework; sourceTree = BUILT_PRODUCTS_DIR; };
/* End PBXFileReference section */

/* Begin PBXFrameworksBuildPhase section */
		68DB549C24C452C600ACAE83 /* Frameworks */ = {
			isa = PBXFrameworksBuildPhase;
			buildActionMask = 2147483647;
			files = (
				29C80AC92CFEED91F0EB4CB1 /* Pods_CameraFilter.framework in Frameworks */,
			);
			runOnlyForDeploymentPostprocessing = 0;
		};
/* End PBXFrameworksBuildPhase section */

/* Begin PBXGroup section */
		68DB549624C452C600ACAE83 = {
			isa = PBXGroup;
			children = (
				68DB54A124C452C600ACAE83 /* CameraFilter */,
				68DB54A024C452C600ACAE83 /* Products */,
				D88519B926E4EC82147D8825 /* Pods */,
				B67B64434F0B20163F97D74E /* Frameworks */,
			);
			sourceTree = "<group>";
		};
		68DB54A024C452C600ACAE83 /* Products */ = {
			isa = PBXGroup;
			children = (
				68DB549F24C452C600ACAE83 /* CameraFilter.app */,
			);
			name = Products;
			sourceTree = "<group>";
		};
		68DB54A124C452C600ACAE83 /* CameraFilter */ = {
			isa = PBXGroup;
			children = (
				68DB54A224C452C600ACAE83 /* AppDelegate.swift */,
				68DB54A424C452C600ACAE83 /* SceneDelegate.swift */,
				68DB54A624C452C600ACAE83 /* ViewController.swift */,
				68DB54BA24C4AB9600ACAE83 /* FilterService.swift */,
				68DB54B624C454F600ACAE83 /* PhotosCollectionViewVontroller.swift */,
				68DB54B824C48BE600ACAE83 /* PhotoCollectionViewCell.swift */,
				68DB54A824C452C600ACAE83 /* Main.storyboard */,
				68DB54AB24C452CA00ACAE83 /* Assets.xcassets */,
				68DB54AD24C452CA00ACAE83 /* LaunchScreen.storyboard */,
				68DB54B024C452CA00ACAE83 /* Info.plist */,
			);
			path = CameraFilter;
			sourceTree = "<group>";
		};
		B67B64434F0B20163F97D74E /* Frameworks */ = {
			isa = PBXGroup;
			children = (
				71844BAEF13972C286EDD901 /* Pods_CameraFilter.framework */,
			);
			name = Frameworks;
			sourceTree = "<group>";
		};
		D88519B926E4EC82147D8825 /* Pods */ = {
			isa = PBXGroup;
			children = (
				60DECB3100802BC8A38EF2CB /* Pods-CameraFilter.debug.xcconfig */,
				1555EEEF095CA46E6935AFE2 /* Pods-CameraFilter.release.xcconfig */,
			);
			path = Pods;
			sourceTree = "<group>";
		};
/* End PBXGroup section */

/* Begin PBXNativeTarget section */
		68DB549E24C452C600ACAE83 /* CameraFilter */ = {
			isa = PBXNativeTarget;
			buildConfigurationList = 68DB54B324C452CA00ACAE83 /* Build configuration list for PBXNativeTarget "CameraFilter" */;
			buildPhases = (
				964A3EFC7EFC6A68309FA588 /* [CP] Check Pods Manifest.lock */,
				68DB549B24C452C600ACAE83 /* Sources */,
				68DB549C24C452C600ACAE83 /* Frameworks */,
				68DB549D24C452C600ACAE83 /* Resources */,
				81B96B54B288FE304D8F036D /* [CP] Embed Pods Frameworks */,
			);
			buildRules = (
			);
			dependencies = (
			);
			name = CameraFilter;
			productName = CameraFilter;
			productReference = 68DB549F24C452C600ACAE83 /* CameraFilter.app */;
			productType = "com.apple.product-type.application";
		};
/* End PBXNativeTarget section */

/* Begin PBXProject section */
		68DB549724C452C600ACAE83 /* Project object */ = {
			isa = PBXProject;
			attributes = {
				LastSwiftUpdateCheck = 1150;
				LastUpgradeCheck = 1150;
				ORGANIZATIONNAME = "Feodora Andryieuskaya";
				TargetAttributes = {
					68DB549E24C452C600ACAE83 = {
						CreatedOnToolsVersion = 11.5;
					};
				};
			};
			buildConfigurationList = 68DB549A24C452C600ACAE83 /* Build configuration list for PBXProject "CameraFilter" */;
			compatibilityVersion = "Xcode 9.3";
			developmentRegion = en;
			hasScannedForEncodings = 0;
			knownRegions = (
				en,
				Base,
			);
			mainGroup = 68DB549624C452C600ACAE83;
			productRefGroup = 68DB54A024C452C600ACAE83 /* Products */;
			projectDirPath = "";
			projectRoot = "";
			targets = (
				68DB549E24C452C600ACAE83 /* CameraFilter */,
			);
		};
/* End PBXProject section */

/* Begin PBXResourcesBuildPhase section */
		68DB549D24C452C600ACAE83 /* Resources */ = {
			isa = PBXResourcesBuildPhase;
			buildActionMask = 2147483647;
			files = (
				68DB54AF24C452CA00ACAE83 /* LaunchScreen.storyboard in Resources */,
				68DB54AC24C452CA00ACAE83 /* Assets.xcassets in Resources */,
				68DB54AA24C452C600ACAE83 /* Main.storyboard in Resources */,
			);
			runOnlyForDeploymentPostprocessing = 0;
		};
/* End PBXResourcesBuildPhase section */

/* Begin PBXShellScriptBuildPhase section */
		81B96B54B288FE304D8F036D /* [CP] Embed Pods Frameworks */ = {
			isa = PBXShellScriptBuildPhase;
			buildActionMask = 2147483647;
			files = (
			);
			inputFileListPaths = (
				"${PODS_ROOT}/Target Support Files/Pods-CameraFilter/Pods-CameraFilter-frameworks-${CONFIGURATION}-input-files.xcfilelist",
			);
			name = "[CP] Embed Pods Frameworks";
			outputFileListPaths = (
				"${PODS_ROOT}/Target Support Files/Pods-CameraFilter/Pods-CameraFilter-frameworks-${CONFIGURATION}-output-files.xcfilelist",
			);
			runOnlyForDeploymentPostprocessing = 0;
			shellPath = /bin/sh;
			shellScript = "\"${PODS_ROOT}/Target Support Files/Pods-CameraFilter/Pods-CameraFilter-frameworks.sh\"\n";
			showEnvVarsInLog = 0;
		};
		964A3EFC7EFC6A68309FA588 /* [CP] Check Pods Manifest.lock */ = {
			isa = PBXShellScriptBuildPhase;
			buildActionMask = 2147483647;
			files = (
			);
			inputFileListPaths = (
			);
			inputPaths = (
				"${PODS_PODFILE_DIR_PATH}/Podfile.lock",
				"${PODS_ROOT}/Manifest.lock",
			);
			name = "[CP] Check Pods Manifest.lock";
			outputFileListPaths = (
			);
			outputPaths = (
				"$(DERIVED_FILE_DIR)/Pods-CameraFilter-checkManifestLockResult.txt",
			);
			runOnlyForDeploymentPostprocessing = 0;
			shellPath = /bin/sh;
			shellScript = "diff \"${PODS_PODFILE_DIR_PATH}/Podfile.lock\" \"${PODS_ROOT}/Manifest.lock\" > /dev/null\nif [ $? != 0 ] ; then\n    # print error to STDERR\n    echo \"error: The sandbox is not in sync with the Podfile.lock. Run 'pod install' or update your CocoaPods installation.\" >&2\n    exit 1\nfi\n# This output is used by Xcode 'outputs' to avoid re-running this script phase.\necho \"SUCCESS\" > \"${SCRIPT_OUTPUT_FILE_0}\"\n";
			showEnvVarsInLog = 0;
		};
/* End PBXShellScriptBuildPhase section */

/* Begin PBXSourcesBuildPhase section */
		68DB549B24C452C600ACAE83 /* Sources */ = {
			isa = PBXSourcesBuildPhase;
			buildActionMask = 2147483647;
			files = (
				68DB54A724C452C600ACAE83 /* ViewController.swift in Sources */,
				68DB54B924C48BE600ACAE83 /* PhotoCollectionViewCell.swift in Sources */,
				68DB54A324C452C600ACAE83 /* AppDelegate.swift in Sources */,
				68DB54BB24C4AB9600ACAE83 /* FilterService.swift in Sources */,
				68DB54B724C454F600ACAE83 /* PhotosCollectionViewVontroller.swift in Sources */,
				68DB54A524C452C600ACAE83 /* SceneDelegate.swift in Sources */,
			);
			runOnlyForDeploymentPostprocessing = 0;
		};
/* End PBXSourcesBuildPhase section */

/* Begin PBXVariantGroup section */
		68DB54A824C452C600ACAE83 /* Main.storyboard */ = {
			isa = PBXVariantGroup;
			children = (
				68DB54A924C452C600ACAE83 /* Base */,
			);
			name = Main.storyboard;
			sourceTree = "<group>";
		};
		68DB54AD24C452CA00ACAE83 /* LaunchScreen.storyboard */ = {
			isa = PBXVariantGroup;
			children = (
				68DB54AE24C452CA00ACAE83 /* Base */,
			);
			name = LaunchScreen.storyboard;
			sourceTree = "<group>";
		};
/* End PBXVariantGroup section */

/* Begin XCBuildConfiguration section */
		68DB54B124C452CA00ACAE83 /* Debug */ = {
			isa = XCBuildConfiguration;
			buildSettings = {
				ALWAYS_SEARCH_USER_PATHS = NO;
				CLANG_ANALYZER_NONNULL = YES;
				CLANG_ANALYZER_NUMBER_OBJECT_CONVERSION = YES_AGGRESSIVE;
				CLANG_CXX_LANGUAGE_STANDARD = "gnu++14";
				CLANG_CXX_LIBRARY = "libc++";
				CLANG_ENABLE_MODULES = YES;
				CLANG_ENABLE_OBJC_ARC = YES;
				CLANG_ENABLE_OBJC_WEAK = YES;
				CLANG_WARN_BLOCK_CAPTURE_AUTORELEASING = YES;
				CLANG_WARN_BOOL_CONVERSION = YES;
				CLANG_WARN_COMMA = YES;
				CLANG_WARN_CONSTANT_CONVERSION = YES;
				CLANG_WARN_DEPRECATED_OBJC_IMPLEMENTATIONS = YES;
				CLANG_WARN_DIRECT_OBJC_ISA_USAGE = YES_ERROR;
				CLANG_WARN_DOCUMENTATION_COMMENTS = YES;
				CLANG_WARN_EMPTY_BODY = YES;
				CLANG_WARN_ENUM_CONVERSION = YES;
				CLANG_WARN_INFINITE_RECURSION = YES;
				CLANG_WARN_INT_CONVERSION = YES;
				CLANG_WARN_NON_LITERAL_NULL_CONVERSION = YES;
				CLANG_WARN_OBJC_IMPLICIT_RETAIN_SELF = YES;
				CLANG_WARN_OBJC_LITERAL_CONVERSION = YES;
				CLANG_WARN_OBJC_ROOT_CLASS = YES_ERROR;
				CLANG_WARN_RANGE_LOOP_ANALYSIS = YES;
				CLANG_WARN_STRICT_PROTOTYPES = YES;
				CLANG_WARN_SUSPICIOUS_MOVE = YES;
				CLANG_WARN_UNGUARDED_AVAILABILITY = YES_AGGRESSIVE;
				CLANG_WARN_UNREACHABLE_CODE = YES;
				CLANG_WARN__DUPLICATE_METHOD_MATCH = YES;
				COPY_PHASE_STRIP = NO;
				DEBUG_INFORMATION_FORMAT = dwarf;
				ENABLE_STRICT_OBJC_MSGSEND = YES;
				ENABLE_TESTABILITY = YES;
				GCC_C_LANGUAGE_STANDARD = gnu11;
				GCC_DYNAMIC_NO_PIC = NO;
				GCC_NO_COMMON_BLOCKS = YES;
				GCC_OPTIMIZATION_LEVEL = 0;
				GCC_PREPROCESSOR_DEFINITIONS = (
					"DEBUG=1",
					"$(inherited)",
				);
				GCC_WARN_64_TO_32_BIT_CONVERSION = YES;
				GCC_WARN_ABOUT_RETURN_TYPE = YES_ERROR;
				GCC_WARN_UNDECLARED_SELECTOR = YES;
				GCC_WARN_UNINITIALIZED_AUTOS = YES_AGGRESSIVE;
				GCC_WARN_UNUSED_FUNCTION = YES;
				GCC_WARN_UNUSED_VARIABLE = YES;
				IPHONEOS_DEPLOYMENT_TARGET = 13.5;
				MTL_ENABLE_DEBUG_INFO = INCLUDE_SOURCE;
				MTL_FAST_MATH = YES;
				ONLY_ACTIVE_ARCH = YES;
				SDKROOT = iphoneos;
				SWIFT_ACTIVE_COMPILATION_CONDITIONS = DEBUG;
				SWIFT_OPTIMIZATION_LEVEL = "-Onone";
			};
			name = Debug;
		};
		68DB54B224C452CA00ACAE83 /* Release */ = {
			isa = XCBuildConfiguration;
			buildSettings = {
				ALWAYS_SEARCH_USER_PATHS = NO;
				CLANG_ANALYZER_NONNULL = YES;
				CLANG_ANALYZER_NUMBER_OBJECT_CONVERSION = YES_AGGRESSIVE;
				CLANG_CXX_LANGUAGE_STANDARD = "gnu++14";
				CLANG_CXX_LIBRARY = "libc++";
				CLANG_ENABLE_MODULES = YES;
				CLANG_ENABLE_OBJC_ARC = YES;
				CLANG_ENABLE_OBJC_WEAK = YES;
				CLANG_WARN_BLOCK_CAPTURE_AUTORELEASING = YES;
				CLANG_WARN_BOOL_CONVERSION = YES;
				CLANG_WARN_COMMA = YES;
				CLANG_WARN_CONSTANT_CONVERSION = YES;
				CLANG_WARN_DEPRECATED_OBJC_IMPLEMENTATIONS = YES;
				CLANG_WARN_DIRECT_OBJC_ISA_USAGE = YES_ERROR;
				CLANG_WARN_DOCUMENTATION_COMMENTS = YES;
				CLANG_WARN_EMPTY_BODY = YES;
				CLANG_WARN_ENUM_CONVERSION = YES;
				CLANG_WARN_INFINITE_RECURSION = YES;
				CLANG_WARN_INT_CONVERSION = YES;
				CLANG_WARN_NON_LITERAL_NULL_CONVERSION = YES;
				CLANG_WARN_OBJC_IMPLICIT_RETAIN_SELF = YES;
				CLANG_WARN_OBJC_LITERAL_CONVERSION = YES;
				CLANG_WARN_OBJC_ROOT_CLASS = YES_ERROR;
				CLANG_WARN_RANGE_LOOP_ANALYSIS = YES;
				CLANG_WARN_STRICT_PROTOTYPES = YES;
				CLANG_WARN_SUSPICIOUS_MOVE = YES;
				CLANG_WARN_UNGUARDED_AVAILABILITY = YES_AGGRESSIVE;
				CLANG_WARN_UNREACHABLE_CODE = YES;
				CLANG_WARN__DUPLICATE_METHOD_MATCH = YES;
				COPY_PHASE_STRIP = NO;
				DEBUG_INFORMATION_FORMAT = "dwarf-with-dsym";
				ENABLE_NS_ASSERTIONS = NO;
				ENABLE_STRICT_OBJC_MSGSEND = YES;
				GCC_C_LANGUAGE_STANDARD = gnu11;
				GCC_NO_COMMON_BLOCKS = YES;
				GCC_WARN_64_TO_32_BIT_CONVERSION = YES;
				GCC_WARN_ABOUT_RETURN_TYPE = YES_ERROR;
				GCC_WARN_UNDECLARED_SELECTOR = YES;
				GCC_WARN_UNINITIALIZED_AUTOS = YES_AGGRESSIVE;
				GCC_WARN_UNUSED_FUNCTION = YES;
				GCC_WARN_UNUSED_VARIABLE = YES;
				IPHONEOS_DEPLOYMENT_TARGET = 13.5;
				MTL_ENABLE_DEBUG_INFO = NO;
				MTL_FAST_MATH = YES;
				SDKROOT = iphoneos;
				SWIFT_COMPILATION_MODE = wholemodule;
				SWIFT_OPTIMIZATION_LEVEL = "-O";
				VALIDATE_PRODUCT = YES;
			};
			name = Release;
		};
		68DB54B424C452CA00ACAE83 /* Debug */ = {
			isa = XCBuildConfiguration;
			baseConfigurationReference = 60DECB3100802BC8A38EF2CB /* Pods-CameraFilter.debug.xcconfig */;
			buildSettings = {
				ASSETCATALOG_COMPILER_APPICON_NAME = AppIcon;
				CODE_SIGN_STYLE = Automatic;
				DEVELOPMENT_TEAM = 72G63W4R44;
				INFOPLIST_FILE = CameraFilter/Info.plist;
				LD_RUNPATH_SEARCH_PATHS = (
					"$(inherited)",
					"@executable_path/Frameworks",
				);
				PRODUCT_BUNDLE_IDENTIFIER = com.Theo.CameraFilter;
				PRODUCT_NAME = "$(TARGET_NAME)";
				SWIFT_VERSION = 5.0;
				TARGETED_DEVICE_FAMILY = "1,2";
			};
			name = Debug;
		};
		68DB54B524C452CA00ACAE83 /* Release */ = {
			isa = XCBuildConfiguration;
			baseConfigurationReference = 1555EEEF095CA46E6935AFE2 /* Pods-CameraFilter.release.xcconfig */;
			buildSettings = {
				ASSETCATALOG_COMPILER_APPICON_NAME = AppIcon;
				CODE_SIGN_STYLE = Automatic;
				DEVELOPMENT_TEAM = 72G63W4R44;
				INFOPLIST_FILE = CameraFilter/Info.plist;
				LD_RUNPATH_SEARCH_PATHS = (
					"$(inherited)",
					"@executable_path/Frameworks",
				);
				PRODUCT_BUNDLE_IDENTIFIER = com.Theo.CameraFilter;
				PRODUCT_NAME = "$(TARGET_NAME)";
				SWIFT_VERSION = 5.0;
				TARGETED_DEVICE_FAMILY = "1,2";
			};
			name = Release;
		};
/* End XCBuildConfiguration section */

/* Begin XCConfigurationList section */
		68DB549A24C452C600ACAE83 /* Build configuration list for PBXProject "CameraFilter" */ = {
			isa = XCConfigurationList;
			buildConfigurations = (
				68DB54B124C452CA00ACAE83 /* Debug */,
				68DB54B224C452CA00ACAE83 /* Release */,
			);
			defaultConfigurationIsVisible = 0;
			defaultConfigurationName = Release;
		};
		68DB54B324C452CA00ACAE83 /* Build configuration list for PBXNativeTarget "CameraFilter" */ = {
			isa = XCConfigurationList;
			buildConfigurations = (
				68DB54B424C452CA00ACAE83 /* Debug */,
				68DB54B524C452CA00ACAE83 /* Release */,
			);
			defaultConfigurationIsVisible = 0;
			defaultConfigurationName = Release;
		};
/* End XCConfigurationList section */
	};
	rootObject = 68DB549724C452C600ACAE83 /* Project object */;
}
